<?xml version="1.0" encoding="UTF-8"?>
<!DOCTYPE plist PUBLIC "-//Apple//DTD PLIST 1.0//EN" "http://www.apple.com/DTDs/PropertyList-1.0.dtd">
<plist version="1.0">
<dict>
	<key>archiveVersion</key>
	<string>1</string>
	<key>classes</key>
	<dict/>
	<key>objectVersion</key>
	<string>56</string>
	<key>objects</key>
	<dict>
		<key>7AC7DD2F9DC548A9B68D40C0</key>
		<dict>
			<key>fileRef</key>
			<string>B58DD8A1FBEB4183A5FBC370</string>
			<key>isa</key>
			<string>PBXBuildFile</string>
		</dict>
		<key>B58DD8A1FBEB4183A5FBC370</key>
		<dict>
			<key>isa</key>
			<string>PBXFileReference</string>
			<key>lastKnownFileType</key>
			<string>sourcecode.swift</string>
			<key>path</key>
			<string>SightlineAudit.swift</string>
			<key>sourceTree</key>
			<string>&lt;group&gt;</string>
		</dict>
		<key>FE0000000000000000000001</key>
		<dict>
			<key>explicitFileType</key>
			<string>wrapper.application</string>
			<key>includeInIndex</key>
			<string>0</string>
			<key>isa</key>
			<string>PBXFileReference</string>
			<key>path</key>
			<string>CheckoutDemo.app</string>
			<key>sourceTree</key>
			<string>BUILT_PRODUCTS_DIR</string>
		</dict>
		<key>FE0000000000000000000002</key>
		<dict>
			<key>explicitFileType</key>
			<string>wrapper.cfbundle</string>
			<key>includeInIndex</key>
			<string>0</string>
			<key>isa</key>
			<string>PBXFileReference</string>
			<key>path</key>
			<string>CheckoutDemoUITests.xctest</string>
			<key>sourceTree</key>
			<string>BUILT_PRODUCTS_DIR</string>
		</dict>
		<key>FE0000000000000000000003</key>
		<dict>
			<key>isa</key>
			<string>PBXFileReference</string>
			<key>lastKnownFileType</key>
			<string>text.plist.xml</string>
			<key>path</key>
			<string>Info.plist</string>
			<key>sourceTree</key>
			<string>&lt;group&gt;</string>
		</dict>
		<key>FE0000000000000000000004</key>
		<dict>
			<key>isa</key>
			<string>PBXFileReference</string>
			<key>lastKnownFileType</key>
			<string>sourcecode.swift</string>
			<key>path</key>
			<string>CheckoutDemoApp.swift</string>
			<key>sourceTree</key>
			<string>&lt;group&gt;</string>
		</dict>
		<key>FE0000000000000000000005</key>
		<dict>
			<key>isa</key>
			<string>PBXFileReference</string>
			<key>lastKnownFileType</key>
			<string>sourcecode.swift</string>
			<key>path</key>
			<string>Model.swift</string>
			<key>sourceTree</key>
			<string>&lt;group&gt;</string>
		</dict>
		<key>FE0000000000000000000006</key>
		<dict>
			<key>isa</key>
			<string>PBXFileReference</string>
			<key>lastKnownFileType</key>
			<string>sourcecode.swift</string>
			<key>path</key>
			<string>CartView.swift</string>
			<key>sourceTree</key>
			<string>&lt;group&gt;</string>
		</dict>
		<key>FE0000000000000000000007</key>
		<dict>
			<key>isa</key>
			<string>PBXFileReference</string>
			<key>lastKnownFileType</key>
			<string>sourcecode.swift</string>
			<key>path</key>
			<string>CheckoutSummaryView.swift</string>
			<key>sourceTree</key>
			<string>&lt;group&gt;</string>
		</dict>
		<key>FE0000000000000000000008</key>
		<dict>
			<key>isa</key>
			<string>PBXFileReference</string>
			<key>lastKnownFileType</key>
			<string>sourcecode.swift</string>
			<key>path</key>
			<string>PaymentMethodView.swift</string>
			<key>sourceTree</key>
			<string>&lt;group&gt;</string>
		</dict>
		<key>FE0000000000000000000009</key>
		<dict>
			<key>isa</key>
			<string>PBXFileReference</string>
			<key>lastKnownFileType</key>
			<string>sourcecode.swift</string>
			<key>path</key>
			<string>ScanCardView.swift</string>
			<key>sourceTree</key>
			<string>&lt;group&gt;</string>
		</dict>
		<key>FE000000000000000000000A</key>
		<dict>
			<key>isa</key>
			<string>PBXFileReference</string>
			<key>lastKnownFileType</key>
			<string>sourcecode.swift</string>
			<key>path</key>
			<string>OrderConfirmationView.swift</string>
			<key>sourceTree</key>
			<string>&lt;group&gt;</string>
		</dict>
		<key>FE000000000000000000000B</key>
		<dict>
			<key>isa</key>
			<string>PBXFileReference</string>
			<key>lastKnownFileType</key>
			<string>sourcecode.swift</string>
			<key>path</key>
			<string>CheckoutDemoUITests.swift</string>
			<key>sourceTree</key>
			<string>&lt;group&gt;</string>
		</dict>
		<key>FE000000000000000000000C</key>
		<dict>
			<key>fileRef</key>
			<string>FE0000000000000000000004</string>
			<key>isa</key>
			<string>PBXBuildFile</string>
		</dict>
		<key>FE000000000000000000000D</key>
		<dict>
			<key>fileRef</key>
			<string>FE0000000000000000000005</string>
			<key>isa</key>
			<string>PBXBuildFile</string>
		</dict>
		<key>FE000000000000000000000E</key>
		<dict>
			<key>fileRef</key>
			<string>FE0000000000000000000006</string>
			<key>isa</key>
			<string>PBXBuildFile</string>
		</dict>
		<key>FE000000000000000000000F</key>
		<dict>
			<key>fileRef</key>
			<string>FE0000000000000000000007</string>
			<key>isa</key>
			<string>PBXBuildFile</string>
		</dict>
		<key>FE0000000000000000000010</key>
		<dict>
			<key>fileRef</key>
			<string>FE0000000000000000000008</string>
			<key>isa</key>
			<string>PBXBuildFile</string>
		</dict>
		<key>FE0000000000000000000011</key>
		<dict>
			<key>fileRef</key>
			<string>FE0000000000000000000009</string>
			<key>isa</key>
			<string>PBXBuildFile</string>
		</dict>
		<key>FE0000000000000000000012</key>
		<dict>
			<key>fileRef</key>
			<string>FE000000000000000000000A</string>
			<key>isa</key>
			<string>PBXBuildFile</string>
		</dict>
		<key>FE0000000000000000000013</key>
		<dict>
			<key>fileRef</key>
			<string>FE000000000000000000000B</string>
			<key>isa</key>
			<string>PBXBuildFile</string>
		</dict>
		<key>FE0000000000000000000014</key>
		<dict>
			<key>children</key>
			<array>
				<string>FE0000000000000000000015</string>
				<string>FE0000000000000000000016</string>
				<string>FE0000000000000000000017</string>
			</array>
			<key>isa</key>
			<string>PBXGroup</string>
			<key>sourceTree</key>
			<string>&lt;group&gt;</string>
		</dict>
		<key>FE0000000000000000000015</key>
		<dict>
			<key>children</key>
			<array>
				<string>FE0000000000000000000004</string>
				<string>FE0000000000000000000005</string>
				<string>FE0000000000000000000006</string>
				<string>FE0000000000000000000007</string>
				<string>FE0000000000000000000008</string>
				<string>FE0000000000000000000009</string>
				<string>FE000000000000000000000A</string>
				<string>FE0000000000000000000003</string>
			</array>
			<key>isa</key>
			<string>PBXGroup</string>
			<key>path</key>
			<string>CheckoutDemo</string>
			<key>sourceTree</key>
			<string>&lt;group&gt;</string>
		</dict>
		<key>FE0000000000000000000016</key>
		<dict>
			<key>children</key>
			<array>
				<string>FE000000000000000000000B</string>
				<string>B58DD8A1FBEB4183A5FBC370</string>
			</array>
			<key>isa</key>
			<string>PBXGroup</string>
			<key>path</key>
			<string>CheckoutDemoUITests</string>
			<key>sourceTree</key>
			<string>&lt;group&gt;</string>
		</dict>
		<key>FE0000000000000000000017</key>
		<dict>
			<key>children</key>
			<array>
				<string>FE0000000000000000000001</string>
				<string>FE0000000000000000000002</string>
			</array>
			<key>isa</key>
			<string>PBXGroup</string>
			<key>name</key>
			<string>Products</string>
			<key>sourceTree</key>
			<string>&lt;group&gt;</string>
		</dict>
		<key>FE0000000000000000000018</key>
		<dict>
			<key>buildConfigurationList</key>
			<string>FE0000000000000000000021</string>
			<key>buildPhases</key>
			<array>
				<string>FE000000000000000000001B</string>
				<string>FE000000000000000000001D</string>
				<string>FE000000000000000000001F</string>
			</array>
			<key>buildRules</key>
			<array/>
			<key>dependencies</key>
			<array/>
			<key>isa</key>
			<string>PBXNativeTarget</string>
			<key>name</key>
			<string>CheckoutDemo</string>
			<key>productName</key>
			<string>CheckoutDemo</string>
			<key>productReference</key>
			<string>FE0000000000000000000001</string>
			<key>productType</key>
			<string>com.apple.product-type.application</string>
		</dict>
		<key>FE0000000000000000000019</key>
		<dict>
			<key>buildConfigurationList</key>
			<string>FE0000000000000000000022</string>
			<key>buildPhases</key>
			<array>
				<string>FE000000000000000000001C</string>
				<string>FE000000000000000000001E</string>
			</array>
			<key>buildRules</key>
			<array/>
			<key>dependencies</key>
			<array>
				<string>FE0000000000000000000029</string>
			</array>
			<key>isa</key>
			<string>PBXNativeTarget</string>
			<key>name</key>
			<string>CheckoutDemoUITests</string>
			<key>productName</key>
			<string>CheckoutDemoUITests</string>
			<key>productReference</key>
			<string>FE0000000000000000000002</string>
			<key>productType</key>
			<string>com.apple.product-type.bundle.ui-testing</string>
		</dict>
		<key>FE000000000000000000001A</key>
		<dict>
			<key>attributes</key>
			<dict>
				<key>BuildIndependentTargetsInParallel</key>
				<string>1</string>
				<key>LastSwiftUpdateCheck</key>
				<string>2660</string>
				<key>LastUpgradeCheck</key>
				<string>2660</string>
				<key>TargetAttributes</key>
				<dict>
					<key>FE0000000000000000000018</key>
					<dict>
						<key>CreatedOnToolsVersion</key>
						<string>26.6</string>
					</dict>
					<key>FE0000000000000000000019</key>
					<dict>
						<key>CreatedOnToolsVersion</key>
						<string>26.6</string>
						<key>TestTargetID</key>
						<string>FE0000000000000000000018</string>
					</dict>
				</dict>
			</dict>
			<key>buildConfigurationList</key>
			<string>FE0000000000000000000020</string>
			<key>compatibilityVersion</key>
			<string>Xcode 14.0</string>
			<key>developmentRegion</key>
			<string>en</string>
			<key>hasScannedForEncodings</key>
			<string>0</string>
			<key>isa</key>
			<string>PBXProject</string>
			<key>knownRegions</key>
			<array>
				<string>en</string>
				<string>Base</string>
			</array>
			<key>mainGroup</key>
			<string>FE0000000000000000000014</string>
			<key>productRefGroup</key>
			<string>FE0000000000000000000017</string>
			<key>projectDirPath</key>
			<string></string>
			<key>projectRoot</key>
			<string></string>
			<key>targets</key>
			<array>
				<string>FE0000000000000000000018</string>
				<string>FE0000000000000000000019</string>
			</array>
		</dict>
		<key>FE000000000000000000001B</key>
		<dict>
			<key>buildActionMask</key>
			<string>2147483647</string>
			<key>files</key>
			<array>
				<string>FE000000000000000000000C</string>
				<string>FE000000000000000000000D</string>
				<string>FE000000000000000000000E</string>
				<string>FE000000000000000000000F</string>
				<string>FE0000000000000000000010</string>
				<string>FE0000000000000000000011</string>
				<string>FE0000000000000000000012</string>
			</array>
			<key>isa</key>
			<string>PBXSourcesBuildPhase</string>
			<key>runOnlyForDeploymentPostprocessing</key>
			<string>0</string>
		</dict>
		<key>FE000000000000000000001C</key>
		<dict>
			<key>buildActionMask</key>
			<string>2147483647</string>
			<key>files</key>
			<array>
				<string>FE0000000000000000000013</string>
				<string>7AC7DD2F9DC548A9B68D40C0</string>
			</array>
			<key>isa</key>
			<string>PBXSourcesBuildPhase</string>
			<key>runOnlyForDeploymentPostprocessing</key>
			<string>0</string>
		</dict>
		<key>FE000000000000000000001D</key>
		<dict>
			<key>buildActionMask</key>
			<string>2147483647</string>
			<key>files</key>
			<array/>
			<key>isa</key>
			<string>PBXFrameworksBuildPhase</string>
			<key>runOnlyForDeploymentPostprocessing</key>
			<string>0</string>
		</dict>
		<key>FE000000000000000000001E</key>
		<dict>
			<key>buildActionMask</key>
			<string>2147483647</string>
			<key>files</key>
			<array/>
			<key>isa</key>
			<string>PBXFrameworksBuildPhase</string>
			<key>runOnlyForDeploymentPostprocessing</key>
			<string>0</string>
		</dict>
		<key>FE000000000000000000001F</key>
		<dict>
			<key>buildActionMask</key>
			<string>2147483647</string>
			<key>files</key>
			<array/>
			<key>isa</key>
			<string>PBXResourcesBuildPhase</string>
			<key>runOnlyForDeploymentPostprocessing</key>
			<string>0</string>
		</dict>
		<key>FE0000000000000000000020</key>
		<dict>
			<key>buildConfigurations</key>
			<array>
				<string>FE0000000000000000000023</string>
				<string>FE0000000000000000000024</string>
			</array>
			<key>defaultConfigurationIsVisible</key>
			<string>0</string>
			<key>defaultConfigurationName</key>
			<string>Release</string>
			<key>isa</key>
			<string>XCConfigurationList</string>
		</dict>
		<key>FE0000000000000000000021</key>
		<dict>
			<key>buildConfigurations</key>
			<array>
				<string>FE0000000000000000000025</string>
				<string>FE0000000000000000000026</string>
			</array>
			<key>defaultConfigurationIsVisible</key>
			<string>0</string>
			<key>defaultConfigurationName</key>
			<string>Release</string>
			<key>isa</key>
			<string>XCConfigurationList</string>
		</dict>
		<key>FE0000000000000000000022</key>
		<dict>
			<key>buildConfigurations</key>
			<array>
				<string>FE0000000000000000000027</string>
				<string>FE0000000000000000000028</string>
			</array>
			<key>defaultConfigurationIsVisible</key>
			<string>0</string>
			<key>defaultConfigurationName</key>
			<string>Release</string>
			<key>isa</key>
			<string>XCConfigurationList</string>
		</dict>
		<key>FE0000000000000000000023</key>
		<dict>
			<key>buildSettings</key>
			<dict>
				<key>ALWAYS_SEARCH_USER_PATHS</key>
				<string>NO</string>
				<key>CLANG_ENABLE_MODULES</key>
				<string>YES</string>
				<key>CLANG_ENABLE_OBJC_ARC</key>
				<string>YES</string>
				<key>COPY_PHASE_STRIP</key>
				<string>NO</string>
				<key>DEBUG_INFORMATION_FORMAT</key>
				<string>dwarf</string>
				<key>ENABLE_STRICT_OBJC_MSGSEND</key>
				<string>YES</string>
				<key>ENABLE_TESTABILITY</key>
				<string>YES</string>
				<key>ENABLE_USER_SCRIPT_SANDBOXING</key>
				<string>YES</string>
				<key>GCC_C_LANGUAGE_STANDARD</key>
				<string>gnu17</string>
				<key>GCC_OPTIMIZATION_LEVEL</key>
				<string>0</string>
				<key>GCC_PREPROCESSOR_DEFINITIONS</key>
				<array>
					<string>DEBUG=1</string>
					<string>$(inherited)</string>
				</array>
				<key>IPHONEOS_DEPLOYMENT_TARGET</key>
				<string>17.0</string>
				<key>MTL_FAST_MATH</key>
				<string>YES</string>
				<key>ONLY_ACTIVE_ARCH</key>
				<string>YES</string>
				<key>SDKROOT</key>
				<string>iphoneos</string>
				<key>SWIFT_ACTIVE_COMPILATION_CONDITIONS</key>
				<string>DEBUG $(inherited)</string>
				<key>SWIFT_EMIT_LOC_STRINGS</key>
				<string>YES</string>
				<key>SWIFT_OPTIMIZATION_LEVEL</key>
				<string>-Onone</string>
				<key>SWIFT_VERSION</key>
				<string>5.0</string>
			</dict>
			<key>isa</key>
			<string>XCBuildConfiguration</string>
			<key>name</key>
			<string>Debug</string>
		</dict>
		<key>FE0000000000000000000024</key>
		<dict>
			<key>buildSettings</key>
			<dict>
				<key>ALWAYS_SEARCH_USER_PATHS</key>
				<string>NO</string>
				<key>CLANG_ENABLE_MODULES</key>
				<string>YES</string>
				<key>CLANG_ENABLE_OBJC_ARC</key>
				<string>YES</string>
				<key>COPY_PHASE_STRIP</key>
				<string>NO</string>
				<key>DEBUG_INFORMATION_FORMAT</key>
				<string>dwarf-with-dsym</string>
				<key>ENABLE_NS_ASSERTIONS</key>
				<string>NO</string>
				<key>ENABLE_STRICT_OBJC_MSGSEND</key>
				<string>YES</string>
				<key>ENABLE_USER_SCRIPT_SANDBOXING</key>
				<string>YES</string>
				<key>GCC_C_LANGUAGE_STANDARD</key>
				<string>gnu17</string>
				<key>IPHONEOS_DEPLOYMENT_TARGET</key>
				<string>17.0</string>
				<key>MTL_FAST_MATH</key>
				<string>YES</string>
				<key>SDKROOT</key>
				<string>iphoneos</string>
				<key>SWIFT_COMPILATION_MODE</key>
				<string>wholemodule</string>
				<key>SWIFT_EMIT_LOC_STRINGS</key>
				<string>YES</string>
				<key>SWIFT_VERSION</key>
				<string>5.0</string>
				<key>VALIDATE_PRODUCT</key>
				<string>YES</string>
			</dict>
			<key>isa</key>
			<string>XCBuildConfiguration</string>
			<key>name</key>
			<string>Release</string>
		</dict>
		<key>FE0000000000000000000025</key>
		<dict>
			<key>buildSettings</key>
			<dict>
				<key>CODE_SIGNING_ALLOWED</key>
				<string>NO</string>
				<key>CODE_SIGN_IDENTITY</key>
				<string></string>
				<key>CODE_SIGN_STYLE</key>
				<string>Automatic</string>
				<key>CURRENT_PROJECT_VERSION</key>
				<string>1</string>
				<key>GENERATE_INFOPLIST_FILE</key>
				<string>NO</string>
				<key>INFOPLIST_FILE</key>
				<string>CheckoutDemo/Info.plist</string>
				<key>MARKETING_VERSION</key>
				<string>1.0</string>
				<key>PRODUCT_BUNDLE_IDENTIFIER</key>
				<string>com.sightline.fixtures.CheckoutDemo</string>
				<key>PRODUCT_NAME</key>
				<string>$(TARGET_NAME)</string>
				<key>SWIFT_EMIT_LOC_STRINGS</key>
				<string>YES</string>
				<key>TARGETED_DEVICE_FAMILY</key>
				<string>1,2</string>
			</dict>
			<key>isa</key>
			<string>XCBuildConfiguration</string>
			<key>name</key>
			<string>Debug</string>
		</dict>
		<key>FE0000000000000000000026</key>
		<dict>
			<key>buildSettings</key>
			<dict>
				<key>CODE_SIGNING_ALLOWED</key>
				<string>NO</string>
				<key>CODE_SIGN_IDENTITY</key>
				<string></string>
				<key>CODE_SIGN_STYLE</key>
				<string>Automatic</string>
				<key>CURRENT_PROJECT_VERSION</key>
				<string>1</string>
				<key>GENERATE_INFOPLIST_FILE</key>
				<string>NO</string>
				<key>INFOPLIST_FILE</key>
				<string>CheckoutDemo/Info.plist</string>
				<key>MARKETING_VERSION</key>
				<string>1.0</string>
				<key>PRODUCT_BUNDLE_IDENTIFIER</key>
				<string>com.sightline.fixtures.CheckoutDemo</string>
				<key>PRODUCT_NAME</key>
				<string>$(TARGET_NAME)</string>
				<key>SWIFT_EMIT_LOC_STRINGS</key>
				<string>YES</string>
				<key>TARGETED_DEVICE_FAMILY</key>
				<string>1,2</string>
			</dict>
			<key>isa</key>
			<string>XCBuildConfiguration</string>
			<key>name</key>
			<string>Release</string>
		</dict>
		<key>FE0000000000000000000027</key>
		<dict>
			<key>buildSettings</key>
			<dict>
				<key>CODE_SIGNING_ALLOWED</key>
				<string>NO</string>
				<key>CODE_SIGN_IDENTITY</key>
				<string></string>
				<key>CODE_SIGN_STYLE</key>
				<string>Automatic</string>
				<key>CURRENT_PROJECT_VERSION</key>
				<string>1</string>
				<key>GENERATE_INFOPLIST_FILE</key>
				<string>YES</string>
				<key>MARKETING_VERSION</key>
				<string>1.0</string>
				<key>PRODUCT_BUNDLE_IDENTIFIER</key>
				<string>com.sightline.fixtures.CheckoutDemoUITests</string>
				<key>PRODUCT_NAME</key>
				<string>$(TARGET_NAME)</string>
				<key>TARGETED_DEVICE_FAMILY</key>
				<string>1,2</string>
				<key>TEST_TARGET_NAME</key>
				<string>CheckoutDemo</string>
			</dict>
			<key>isa</key>
			<string>XCBuildConfiguration</string>
			<key>name</key>
			<string>Debug</string>
		</dict>
		<key>FE0000000000000000000028</key>
		<dict>
			<key>buildSettings</key>
			<dict>
				<key>CODE_SIGNING_ALLOWED</key>
				<string>NO</string>
				<key>CODE_SIGN_IDENTITY</key>
				<string></string>
				<key>CODE_SIGN_STYLE</key>
				<string>Automatic</string>
				<key>CURRENT_PROJECT_VERSION</key>
				<string>1</string>
				<key>GENERATE_INFOPLIST_FILE</key>
				<string>YES</string>
				<key>MARKETING_VERSION</key>
				<string>1.0</string>
				<key>PRODUCT_BUNDLE_IDENTIFIER</key>
				<string>com.sightline.fixtures.CheckoutDemoUITests</string>
				<key>PRODUCT_NAME</key>
				<string>$(TARGET_NAME)</string>
				<key>TARGETED_DEVICE_FAMILY</key>
				<string>1,2</string>
				<key>TEST_TARGET_NAME</key>
				<string>CheckoutDemo</string>
			</dict>
			<key>isa</key>
			<string>XCBuildConfiguration</string>
			<key>name</key>
			<string>Release</string>
		</dict>
		<key>FE0000000000000000000029</key>
		<dict>
			<key>isa</key>
			<string>PBXTargetDependency</string>
			<key>target</key>
			<string>FE0000000000000000000018</string>
			<key>targetProxy</key>
			<string>FE000000000000000000002A</string>
		</dict>
		<key>FE000000000000000000002A</key>
		<dict>
			<key>containerPortal</key>
			<string>FE000000000000000000001A</string>
			<key>isa</key>
			<string>PBXContainerItemProxy</string>
			<key>proxyType</key>
			<string>1</string>
			<key>remoteGlobalIDString</key>
			<string>FE0000000000000000000018</string>
			<key>remoteInfo</key>
			<string>CheckoutDemo</string>
		</dict>
	</dict>
	<key>rootObject</key>
	<string>FE000000000000000000001A</string>
</dict>
</plist>
